
Microsoft Visual Studio Solution File, Format Version 12.00
# Visual Studio Version 17
VisualStudioVersion = 17.8.34525.116
MinimumVisualStudioVersion = 10.0.40219.1
Project("{FAE04EC0-301F-11D3-BF4B-00C04F79EFBC}") = "AbsoluteCinema", "AbsoluteCinema.csproj", "{8BEA78C0-FAF1-4A32-8F86-45EB31D2D198}"
EndProject
Global
	GlobalSection(SolutionConfigurationPlatforms) = preSolution
		Debug|Any CPU = Debug|Any CPU
		Release|Any CPU = Release|Any CPU
	EndGlobalSection
	GlobalSection(ProjectConfigurationPlatforms) = postSolution
		{8BEA78C0-FAF1-4A32-8F86-45EB31D2D198}.Debug|Any CPU.ActiveCfg = Debug|Any CPU
		{8BEA78C0-FAF1-4A32-8F86-45EB31D2D198}.Debug|Any CPU.Build.0 = Debug|Any CPU
		{8BEA78C0-FAF1-4A32-8F86-45EB31D2D198}.Release|Any CPU.ActiveCfg = Release|Any CPU
		{8BEA78C0-FAF1-4A32-8F86-45EB31D2D198}.Release|Any CPU.Build.0 = Release|Any CPU
	EndGlobalSection
	GlobalSection(SolutionProperties) = preSolution
		HideSolutionNode = FALSE
	EndGlobalSection
	GlobalSection(ExtensibilityGlobals) = postSolution
		SolutionGuid = {8EB1BDD2-F8AF-4F6D-B876-8EAF967F3A96}
	EndGlobalSection
EndGlobal
